# @generated - this file is auto-generated by `mise lock` https://mise.jdx.dev/dev-tools/mise-lock.html

lockfile_version = 1

[[tools.python]]
version = "3.11.16"
backend = "core:python"
specifiers = ["3.11"]

[tools.python."platforms.linux-arm64"]
checksum = "sha256:f9308ed57184fae73941c712ed847be420ce36d31ba73ce53f0508a1ee752f68"
url = "https://github.com/astral-sh/python-build-standalone/releases/download/20260901/cpython-3.11.16+20260901-aarch64-unknown-linux-gnu-install_only_stripped.tar.gz"
provenance = "github-attestations"

[tools.python."platforms.linux-arm64-musl"]
checksum = "sha256:813b67d5f87d5b40081b56598f3b1c5849769c088d149a30553e1e39da0183a7"
url = "https://github.com/astral-sh/python-build-standalone/releases/download/20260901/cpython-3.11.16+20260901-aarch64-unknown-linux-musl-install_only_stripped.tar.gz"
provenance = "github-attestations"

[tools.python."platforms.linux-x64"]
checksum = "sha256:64427febea27864d136db46c8efe968eb6fa5ca2813ce1dca4bb95aec31cb2e4"
url = "https://github.com/astral-sh/python-build-standalone/releases/download/20260901/cpython-3.11.16+20260901-x86_64-unknown-linux-gnu-install_only_stripped.tar.gz"
provenance = "github-attestations"

[tools.python."platforms.linux-x64-musl"]
checksum = "sha256:34418632930361c52693e6d4cfd91d3a124b5139a1bed31eb7e77d4f0a955053"
url = "https://github.com/astral-sh/python-build-standalone/releases/download/20260901/cpython-3.11.16+20260901-x86_64-unknown-linux-musl-install_only_stripped.tar.gz"
provenance = "github-attestations"

[tools.python."platforms.macos-arm64"]
checksum = "sha256:768f05cf200273bbdda9a5955a5a6892a4b22f2a0b1e4b0a9160f5c7fce86816"
url = "https://github.com/astral-sh/python-build-standalone/releases/download/20260901/cpython-3.11.16+20260901-aarch64-apple-darwin-install_only_stripped.tar.gz"
provenance = "github-attestations"

[tools.python."platforms.macos-x64"]
checksum = "sha256:908b381433f78b832c8d64960ced0f85871893cc8779f413f963e0c9e293c258"
url = "https://github.com/astral-sh/python-build-standalone/releases/download/20260901/cpython-3.11.16+20260901-x86_64-apple-darwin-install_only_stripped.tar.gz"
provenance = "github-attestations"

[tools.python."platforms.windows-x64"]
checksum = "sha256:06cbe479e039f5b9cb5640c286d790074d63f549f92a32d599a3748293bd4510"
url = "https://github.com/astral-sh/python-build-standalone/releases/download/20260901/cpython-3.11.16+20260901-x86_64-pc-windows-msvc-install_only_stripped.tar.gz"
provenance = "github-attestations"
